
Microsoft Visual Studio Solution File, Format Version 12.00
# Visual Studio Version 17
VisualStudioVersion = 17.9.34728.123
MinimumVisualStudioVersion = 10.0.40219.1
Project("{9A19103F-16F7-4668-BE54-9A1E7A4F7556}") = "consolemon_console", "consolemon_console\consolemon_console.csproj", "{08583876-4189-425D-AC00-E5EB036C1E3E}"
EndProject
Project("{9A19103F-16F7-4668-BE54-9A1E7A4F7556}") = "consolemon_library", "consolemon_library\consolemon_library.csproj", "{A5E7AD0C-DF27-4734-9379-19BC6C1DDEF5}"
EndProject
Global
	GlobalSection(SolutionConfigurationPlatforms) = preSolution
		Debug|Any CPU = Debug|Any CPU
		Release|Any CPU = Release|Any CPU
	EndGlobalSection
	GlobalSection(ProjectConfigurationPlatforms) = postSolution
		{08583876-4189-425D-AC00-E5EB036C1E3E}.Debug|Any CPU.ActiveCfg = Debug|Any CPU
		{08583876-4189-425D-AC00-E5EB036C1E3E}.Debug|Any CPU.Build.0 = Debug|Any CPU
		{08583876-4189-425D-AC00-E5EB036C1E3E}.Release|Any CPU.ActiveCfg = Release|Any CPU
		{08583876-4189-425D-AC00-E5EB036C1E3E}.Release|Any CPU.Build.0 = Release|Any CPU
		{A5E7AD0C-DF27-4734-9379-19BC6C1DDEF5}.Debug|Any CPU.ActiveCfg = Debug|Any CPU
		{A5E7AD0C-DF27-4734-9379-19BC6C1DDEF5}.Debug|Any CPU.Build.0 = Debug|Any CPU
		{A5E7AD0C-DF27-4734-9379-19BC6C1DDEF5}.Release|Any CPU.ActiveCfg = Release|Any CPU
		{A5E7AD0C-DF27-4734-9379-19BC6C1DDEF5}.Release|Any CPU.Build.0 = Release|Any CPU
	EndGlobalSection
	GlobalSection(SolutionProperties) = preSolution
		HideSolutionNode = FALSE
	EndGlobalSection
	GlobalSection(ExtensibilityGlobals) = postSolution
		SolutionGuid = {5FCCFE14-CF5E-4386-B38E-DDF8CE297D3D}
	EndGlobalSection
EndGlobal
